
Microsoft Visual Studio Solution File, Format Version 12.00
# Visual Studio Version 17
VisualStudioVersion = 17.1.32228.430
MinimumVisualStudioVersion = 10.0.40219.1
Project("{2150E333-8FDC-42A3-9474-1A3956D46DE8}") = "src", "src", "{F620003C-C54A-4609-B953-4C55B8542488}"
EndProject
Project("{2150E333-8FDC-42A3-9474-1A3956D46DE8}") = "Domain", "Domain", "{6E739553-DFA5-44AF-AF21-B226C031529C}"
EndProject
Project("{9A19103F-16F7-4668-BE54-9A1E7A4F7556}") = "Deanery.Domain", "src\Domain\Deanery.Domain\Deanery.Domain.csproj", "{030C4C4D-DEF4-488A-BFE0-0079DFA31C56}"
EndProject
Project("{2150E333-8FDC-42A3-9474-1A3956D46DE8}") = "Dal", "Dal", "{097B28A1-8A1F-4DD3-8A7E-E3AB22EC15B3}"
EndProject
Project("{2150E333-8FDC-42A3-9474-1A3956D46DE8}") = "Application", "Application", "{3379E738-BBCD-4060-BEF5-28B5377A7C41}"
EndProject
Project("{9A19103F-16F7-4668-BE54-9A1E7A4F7556}") = "Deanery.Application", "src\Application\Deanery.Application\Deanery.Application.csproj", "{EED58B65-E49F-4432-BA58-4A41B9C3D86E}"
EndProject
Project("{9A19103F-16F7-4668-BE54-9A1E7A4F7556}") = "Deanery.Dal", "src\Dal\Deanery.Dal\Deanery.Dal.csproj", "{84BF1191-8A21-479A-8714-4F25EFE5D4D8}"
EndProject
Project("{2150E333-8FDC-42A3-9474-1A3956D46DE8}") = "Extensions", "Extensions", "{59277117-C77C-4ED5-8C4D-AA6D3ABF7D47}"
EndProject
Project("{FAE04EC0-301F-11D3-BF4B-00C04F79EFBC}") = "Deanery.Extensions", "src\Extensions\Deanery.Extensions\Deanery.Extensions.csproj", "{90FAEA5C-1E92-45E7-9897-88766BF48543}"
EndProject
Project("{2150E333-8FDC-42A3-9474-1A3956D46DE8}") = "Api", "Api", "{55AEE127-78B5-4114-97A1-1258E669F24A}"
EndProject
Project("{FAE04EC0-301F-11D3-BF4B-00C04F79EFBC}") = "Deanery.Api", "src\Api\Deanery.Api\Deanery.Api.csproj", "{EE2F246A-1B82-44AD-BA4C-71926310EB66}"
EndProject
Global
	GlobalSection(SolutionConfigurationPlatforms) = preSolution
		Debug|Any CPU = Debug|Any CPU
		Release|Any CPU = Release|Any CPU
	EndGlobalSection
	GlobalSection(ProjectConfigurationPlatforms) = postSolution
		{030C4C4D-DEF4-488A-BFE0-0079DFA31C56}.Debug|Any CPU.ActiveCfg = Debug|Any CPU
		{030C4C4D-DEF4-488A-BFE0-0079DFA31C56}.Debug|Any CPU.Build.0 = Debug|Any CPU
		{030C4C4D-DEF4-488A-BFE0-0079DFA31C56}.Release|Any CPU.ActiveCfg = Release|Any CPU
		{030C4C4D-DEF4-488A-BFE0-0079DFA31C56}.Release|Any CPU.Build.0 = Release|Any CPU
		{EED58B65-E49F-4432-BA58-4A41B9C3D86E}.Debug|Any CPU.ActiveCfg = Debug|Any CPU
		{EED58B65-E49F-4432-BA58-4A41B9C3D86E}.Debug|Any CPU.Build.0 = Debug|Any CPU
		{EED58B65-E49F-4432-BA58-4A41B9C3D86E}.Release|Any CPU.ActiveCfg = Release|Any CPU
		{EED58B65-E49F-4432-BA58-4A41B9C3D86E}.Release|Any CPU.Build.0 = Release|Any CPU
		{84BF1191-8A21-479A-8714-4F25EFE5D4D8}.Debug|Any CPU.ActiveCfg = Debug|Any CPU
		{84BF1191-8A21-479A-8714-4F25EFE5D4D8}.Debug|Any CPU.Build.0 = Debug|Any CPU
		{84BF1191-8A21-479A-8714-4F25EFE5D4D8}.Release|Any CPU.ActiveCfg = Release|Any CPU
		{84BF1191-8A21-479A-8714-4F25EFE5D4D8}.Release|Any CPU.Build.0 = Release|Any CPU
		{90FAEA5C-1E92-45E7-9897-88766BF48543}.Debug|Any CPU.ActiveCfg = Debug|Any CPU
		{90FAEA5C-1E92-45E7-9897-88766BF48543}.Debug|Any CPU.Build.0 = Debug|Any CPU
		{90FAEA5C-1E92-45E7-9897-88766BF48543}.Release|Any CPU.ActiveCfg = Release|Any CPU
		{90FAEA5C-1E92-45E7-9897-88766BF48543}.Release|Any CPU.Build.0 = Release|Any CPU
		{EE2F246A-1B82-44AD-BA4C-71926310EB66}.Debug|Any CPU.ActiveCfg = Debug|Any CPU
		{EE2F246A-1B82-44AD-BA4C-71926310EB66}.Debug|Any CPU.Build.0 = Debug|Any CPU
		{EE2F246A-1B82-44AD-BA4C-71926310EB66}.Release|Any CPU.ActiveCfg = Release|Any CPU
		{EE2F246A-1B82-44AD-BA4C-71926310EB66}.Release|Any CPU.Build.0 = Release|Any CPU
	EndGlobalSection
	GlobalSection(SolutionProperties) = preSolution
		HideSolutionNode = FALSE
	EndGlobalSection
	GlobalSection(NestedProjects) = preSolution
		{6E739553-DFA5-44AF-AF21-B226C031529C} = {F620003C-C54A-4609-B953-4C55B8542488}
		{030C4C4D-DEF4-488A-BFE0-0079DFA31C56} = {6E739553-DFA5-44AF-AF21-B226C031529C}
		{097B28A1-8A1F-4DD3-8A7E-E3AB22EC15B3} = {F620003C-C54A-4609-B953-4C55B8542488}
		{3379E738-BBCD-4060-BEF5-28B5377A7C41} = {F620003C-C54A-4609-B953-4C55B8542488}
		{EED58B65-E49F-4432-BA58-4A41B9C3D86E} = {3379E738-BBCD-4060-BEF5-28B5377A7C41}
		{84BF1191-8A21-479A-8714-4F25EFE5D4D8} = {097B28A1-8A1F-4DD3-8A7E-E3AB22EC15B3}
		{59277117-C77C-4ED5-8C4D-AA6D3ABF7D47} = {F620003C-C54A-4609-B953-4C55B8542488}
		{90FAEA5C-1E92-45E7-9897-88766BF48543} = {59277117-C77C-4ED5-8C4D-AA6D3ABF7D47}
		{55AEE127-78B5-4114-97A1-1258E669F24A} = {F620003C-C54A-4609-B953-4C55B8542488}
		{EE2F246A-1B82-44AD-BA4C-71926310EB66} = {55AEE127-78B5-4114-97A1-1258E669F24A}
	EndGlobalSection
	GlobalSection(ExtensibilityGlobals) = postSolution
		SolutionGuid = {9713019C-3308-4B33-BD5A-E123CBF964BF}
	EndGlobalSection
EndGlobal
